
Microsoft Visual Studio Solution File, Format Version 12.00
# Visual Studio Version 17
VisualStudioVersion = 17.8.34212.112
MinimumVisualStudioVersion = 10.0.40219.1
Project("{FAE04EC0-301F-11D3-BF4B-00C04F79EFBC}") = "RapiApi", "RapiApi\RapiApi.csproj", "{D0CB4299-8D29-4144-B21B-F66C35945D4D}"
EndProject
Global
	GlobalSection(SolutionConfigurationPlatforms) = preSolution
		Debug|Any CPU = Debug|Any CPU
		Release|Any CPU = Release|Any CPU
	EndGlobalSection
	GlobalSection(ProjectConfigurationPlatforms) = postSolution
		{D0CB4299-8D29-4144-B21B-F66C35945D4D}.Debug|Any CPU.ActiveCfg = Debug|Any CPU
		{D0CB4299-8D29-4144-B21B-F66C35945D4D}.Debug|Any CPU.Build.0 = Debug|Any CPU
		{D0CB4299-8D29-4144-B21B-F66C35945D4D}.Release|Any CPU.ActiveCfg = Release|Any CPU
		{D0CB4299-8D29-4144-B21B-F66C35945D4D}.Release|Any CPU.Build.0 = Release|Any CPU
	EndGlobalSection
	GlobalSection(SolutionProperties) = preSolution
		HideSolutionNode = FALSE
	EndGlobalSection
	GlobalSection(ExtensibilityGlobals) = postSolution
		SolutionGuid = {01496DF4-F8F2-4BEE-B17C-8BA412D22982}
	EndGlobalSection
EndGlobal
